
Microsoft Visual Studio Solution File, Format Version 12.00
# Visual Studio 2013
VisualStudioVersion = 12.0.21005.1
MinimumVisualStudioVersion = 10.0.40219.1
Project("{FAE04EC0-301F-11D3-BF4B-00C04F79EFBC}") = "time2tzone", "time2tzone\time2tzone.csproj", "{29AA33C2-8A19-44A8-85B8-F14D32525A1F}"
EndProject
Project("{FAE04EC0-301F-11D3-BF4B-00C04F79EFBC}") = "time2LibNew", "time2LibNew\time2LibNew.csproj", "{59ABA216-FF33-4FEB-B7CF-2EF6AC2A601A}"
EndProject
Global
	GlobalSection(SolutionConfigurationPlatforms) = preSolution
		Debug|Any CPU = Debug|Any CPU
		Release|Any CPU = Release|Any CPU
	EndGlobalSection
	GlobalSection(ProjectConfigurationPlatforms) = postSolution
		{29AA33C2-8A19-44A8-85B8-F14D32525A1F}.Debug|Any CPU.ActiveCfg = Debug|Any CPU
		{29AA33C2-8A19-44A8-85B8-F14D32525A1F}.Debug|Any CPU.Build.0 = Debug|Any CPU
		{29AA33C2-8A19-44A8-85B8-F14D32525A1F}.Release|Any CPU.ActiveCfg = Release|Any CPU
		{29AA33C2-8A19-44A8-85B8-F14D32525A1F}.Release|Any CPU.Build.0 = Release|Any CPU
		{59ABA216-FF33-4FEB-B7CF-2EF6AC2A601A}.Debug|Any CPU.ActiveCfg = Debug|Any CPU
		{59ABA216-FF33-4FEB-B7CF-2EF6AC2A601A}.Debug|Any CPU.Build.0 = Debug|Any CPU
		{59ABA216-FF33-4FEB-B7CF-2EF6AC2A601A}.Release|Any CPU.ActiveCfg = Release|Any CPU
		{59ABA216-FF33-4FEB-B7CF-2EF6AC2A601A}.Release|Any CPU.Build.0 = Release|Any CPU
	EndGlobalSection
	GlobalSection(SolutionProperties) = preSolution
		HideSolutionNode = FALSE
	EndGlobalSection
EndGlobal
